
Microsoft Visual Studio Solution File, Format Version 12.00
# Visual Studio Version 17
VisualStudioVersion = 17.0.32112.339
MinimumVisualStudioVersion = 10.0.40219.1
Project("{9A19103F-16F7-4668-BE54-9A1E7A4F7556}") = "App.Win", "src\App.Win\App.Win.csproj", "{FCC80A1A-0E3E-4812-A9DF-8B2647D9CCAA}"
EndProject
Project("{2150E333-8FDC-42A3-9474-1A3956D46DE8}") = "+ docs", "+ docs", "{A5A240CB-A7BB-4E9E-8163-8C2C526CD664}"
	ProjectSection(SolutionItems) = preProject
		.editorconfig = .editorconfig
		.gitignore = .gitignore
		todo.md = todo.md
	EndProjectSection
EndProject
Global
	GlobalSection(SolutionConfigurationPlatforms) = preSolution
		Debug|Any CPU = Debug|Any CPU
		Release|Any CPU = Release|Any CPU
	EndGlobalSection
	GlobalSection(ProjectConfigurationPlatforms) = postSolution
		{FCC80A1A-0E3E-4812-A9DF-8B2647D9CCAA}.Debug|Any CPU.ActiveCfg = Debug|Any CPU
		{FCC80A1A-0E3E-4812-A9DF-8B2647D9CCAA}.Debug|Any CPU.Build.0 = Debug|Any CPU
		{FCC80A1A-0E3E-4812-A9DF-8B2647D9CCAA}.Release|Any CPU.ActiveCfg = Release|Any CPU
		{FCC80A1A-0E3E-4812-A9DF-8B2647D9CCAA}.Release|Any CPU.Build.0 = Release|Any CPU
	EndGlobalSection
	GlobalSection(SolutionProperties) = preSolution
		HideSolutionNode = FALSE
	EndGlobalSection
	GlobalSection(ExtensibilityGlobals) = postSolution
		SolutionGuid = {03E9AB1D-CE6E-4A2C-BA0D-5D492D15EE6E}
	EndGlobalSection
EndGlobal
